
Microsoft Visual Studio Solution File, Format Version 12.00
# Visual Studio 15
VisualStudioVersion = 15.0.28307.102
MinimumVisualStudioVersion = 10.0.40219.1
Project("{F184B08F-C81C-45F6-A57F-5ABD9991F28F}") = "DistributedAutomatically", "DistributedAutomatically\DistributedAutomatically.vbproj", "{032E4EE5-E0F2-426C-859B-A140018A18CF}"
EndProject
Project("{F184B08F-C81C-45F6-A57F-5ABD9991F28F}") = "WindowsApp1", "WindowsApp1\WindowsApp1.vbproj", "{06AF16DF-9829-4B69-BB80-E60EE088C452}"
EndProject
Global
	GlobalSection(SolutionConfigurationPlatforms) = preSolution
		Debug|Any CPU = Debug|Any CPU
		Release|Any CPU = Release|Any CPU
	EndGlobalSection
	GlobalSection(ProjectConfigurationPlatforms) = postSolution
		{032E4EE5-E0F2-426C-859B-A140018A18CF}.Debug|Any CPU.ActiveCfg = Debug|Any CPU
		{032E4EE5-E0F2-426C-859B-A140018A18CF}.Debug|Any CPU.Build.0 = Debug|Any CPU
		{032E4EE5-E0F2-426C-859B-A140018A18CF}.Release|Any CPU.ActiveCfg = Release|Any CPU
		{032E4EE5-E0F2-426C-859B-A140018A18CF}.Release|Any CPU.Build.0 = Release|Any CPU
		{06AF16DF-9829-4B69-BB80-E60EE088C452}.Debug|Any CPU.ActiveCfg = Debug|Any CPU
		{06AF16DF-9829-4B69-BB80-E60EE088C452}.Debug|Any CPU.Build.0 = Debug|Any CPU
		{06AF16DF-9829-4B69-BB80-E60EE088C452}.Release|Any CPU.ActiveCfg = Release|Any CPU
		{06AF16DF-9829-4B69-BB80-E60EE088C452}.Release|Any CPU.Build.0 = Release|Any CPU
	EndGlobalSection
	GlobalSection(SolutionProperties) = preSolution
		HideSolutionNode = FALSE
	EndGlobalSection
	GlobalSection(ExtensibilityGlobals) = postSolution
		SolutionGuid = {11810C5D-2F5A-497C-9B6C-1A439C340D45}
	EndGlobalSection
EndGlobal
